
Microsoft Visual Studio Solution File, Format Version 12.00
# Visual Studio Version 17
VisualStudioVersion = 17.11.35327.3
MinimumVisualStudioVersion = 10.0.40219.1
Project("{FAE04EC0-301F-11D3-BF4B-00C04F79EFBC}") = "Wpfprof", "Wpfprof\Wpfprof.csproj", "{0E7370C4-BC00-428A-95BA-D846D0866B23}"
EndProject
Global
	GlobalSection(SolutionConfigurationPlatforms) = preSolution
		Debug|Any CPU = Debug|Any CPU
		Release|Any CPU = Release|Any CPU
	EndGlobalSection
	GlobalSection(ProjectConfigurationPlatforms) = postSolution
		{0E7370C4-BC00-428A-95BA-D846D0866B23}.Debug|Any CPU.ActiveCfg = Debug|Any CPU
		{0E7370C4-BC00-428A-95BA-D846D0866B23}.Debug|Any CPU.Build.0 = Debug|Any CPU
		{0E7370C4-BC00-428A-95BA-D846D0866B23}.Release|Any CPU.ActiveCfg = Release|Any CPU
		{0E7370C4-BC00-428A-95BA-D846D0866B23}.Release|Any CPU.Build.0 = Release|Any CPU
	EndGlobalSection
	GlobalSection(SolutionProperties) = preSolution
		HideSolutionNode = FALSE
	EndGlobalSection
	GlobalSection(ExtensibilityGlobals) = postSolution
		SolutionGuid = {1217B28A-5ACF-4047-AD4A-BA72DECDE920}
	EndGlobalSection
EndGlobal
